# This file was autogenerated by Stack.
# You should not edit this file by hand.
# For more information, please see the documentation at:
#   https://docs.haskellstack.org/en/stable/lock_files

packages: []
snapshots:
- completed:
    size: 527775
    url: https://raw.githubusercontent.com/commercialhaskell/stackage-snapshots/master/nightly/2020/9/2.yaml
    sha256: 92ec78ae38830f06ec9307c5ce346ae93982fab6179eb10dec9d57d5069c7f14
  original: nightly-2020-09-02
